
Microsoft Visual Studio Solution File, Format Version 12.00
# Visual Studio 15
VisualStudioVersion = 15.0.27703.2035
MinimumVisualStudioVersion = 10.0.40219.1
Project("{FAE04EC0-301F-11D3-BF4B-00C04F79EFBC}") = "Calendar2", "Calendar2\Calendar2.csproj", "{24DB4D02-4DF6-4B7D-A1B3-F1F5F5BA163F}"
EndProject
Global
	GlobalSection(SolutionConfigurationPlatforms) = preSolution
		Debug|Any CPU = Debug|Any CPU
		Release|Any CPU = Release|Any CPU
	EndGlobalSection
	GlobalSection(ProjectConfigurationPlatforms) = postSolution
		{24DB4D02-4DF6-4B7D-A1B3-F1F5F5BA163F}.Debug|Any CPU.ActiveCfg = Debug|Any CPU
		{24DB4D02-4DF6-4B7D-A1B3-F1F5F5BA163F}.Debug|Any CPU.Build.0 = Debug|Any CPU
		{24DB4D02-4DF6-4B7D-A1B3-F1F5F5BA163F}.Release|Any CPU.ActiveCfg = Release|Any CPU
		{24DB4D02-4DF6-4B7D-A1B3-F1F5F5BA163F}.Release|Any CPU.Build.0 = Release|Any CPU
	EndGlobalSection
	GlobalSection(SolutionProperties) = preSolution
		HideSolutionNode = FALSE
	EndGlobalSection
	GlobalSection(ExtensibilityGlobals) = postSolution
		SolutionGuid = {4A6C44D0-2C39-4CF2-9E8F-C1C9350B1F5A}
	EndGlobalSection
EndGlobal
